{
  "name": "Team-4-Project-1",
  "lockfileVersion": 2,
  "requires": true,
  "packages": {
    "": {
      "devDependencies": {
        "@jest-mock/express": "^1.4.2"
      }
    },
    "node_modules/@jest-mock/express": {
      "version": "1.4.2",
      "resolved": "https://registry.npmjs.org/@jest-mock/express/-/express-1.4.2.tgz",
      "integrity": "sha512-Q/awAJ5xLhyfUcoc0uJLsdgCQTsB90ir3zjeLfjNe7tGralIcVb5o7lDhXzYXBMGIYgVR7jv2wfD66A7KpeCcw==",
      "dev": true
    }
  },
  "dependencies": {
    "@jest-mock/express": {
      "version": "1.4.2",
      "resolved": "https://registry.npmjs.org/@jest-mock/express/-/express-1.4.2.tgz",
      "integrity": "sha512-Q/awAJ5xLhyfUcoc0uJLsdgCQTsB90ir3zjeLfjNe7tGralIcVb5o7lDhXzYXBMGIYgVR7jv2wfD66A7KpeCcw==",
      "dev": true
    }
  }
}
